
Microsoft Visual Studio Solution File, Format Version 12.00
# Visual Studio Version 17
VisualStudioVersion = 17.5.002.0
MinimumVisualStudioVersion = 10.0.40219.1
Project("{9A19103F-16F7-4668-BE54-9A1E7A4F7556}") = "Antsrev_PROJECT", "Antsrev_PROJECT.csproj", "{E042A7AA-AFCC-430D-8C4D-02CDFE52A587}"
EndProject
Global
	GlobalSection(SolutionConfigurationPlatforms) = preSolution
		Debug|Any CPU = Debug|Any CPU
		Release|Any CPU = Release|Any CPU
	EndGlobalSection
	GlobalSection(ProjectConfigurationPlatforms) = postSolution
		{E042A7AA-AFCC-430D-8C4D-02CDFE52A587}.Debug|Any CPU.ActiveCfg = Debug|Any CPU
		{E042A7AA-AFCC-430D-8C4D-02CDFE52A587}.Debug|Any CPU.Build.0 = Debug|Any CPU
		{E042A7AA-AFCC-430D-8C4D-02CDFE52A587}.Release|Any CPU.ActiveCfg = Release|Any CPU
		{E042A7AA-AFCC-430D-8C4D-02CDFE52A587}.Release|Any CPU.Build.0 = Release|Any CPU
	EndGlobalSection
	GlobalSection(SolutionProperties) = preSolution
		HideSolutionNode = FALSE
	EndGlobalSection
	GlobalSection(ExtensibilityGlobals) = postSolution
		SolutionGuid = {C359EE0C-6343-4CC4-988D-D182419AEF08}
	EndGlobalSection
EndGlobal
